github.com/bugoio/bugo-font-awesome v0.0.0-20191009055643-7517661acd7b h1:ErHRBxvIFpOzCnlmX868IgxaG/fqBiYxCaPoxJufRo4=
github.com/bugoio/bugo-font-awesome v0.0.0-20191009055643-7517661acd7b/go.mod h1:mmH3EtFQ7ndju4/iV6+ABSfN8efgXqUpU3P3cb11ijQ=
github.com/bugoio/bugo-font-awesome v0.0.0-20191009185319-172f2ff81a47 h1:Tg4iCnRmGM8YazFIgF/INshFkJlnBZFt1ImUgzgapoY=
github.com/bugoio/bugo-font-awesome v0.0.0-20191009185319-172f2ff81a47/go.mod h1:mmH3EtFQ7ndju4/iV6+ABSfN8efgXqUpU3P3cb11ijQ=
github.com/bugoio/bugo-mod-article v0.0.0-20191009055739-69a05c8b1d9c h1:ldAG+biS2RYtXYNGavGMmr2if2/CJZfoBUTURbz7KwE=
github.com/bugoio/bugo-mod-article v0.0.0-20191009055739-69a05c8b1d9c/go.mod h1:8Yryq5lif7mrrut1Co6bkk5qiIqFWrdTKdPqS99MNBI=
github.com/bugoio/bugo-mod-breadcrumbs v0.0.0-20191009060009-f97b6f481209 h1:BhgWQMxr4YAP4/XSp05Mu2OzS8YoA4F40X5ZUUoONdc=
github.com/bugoio/bugo-mod-breadcrumbs v0.0.0-20191009060009-f97b6f481209/go.mod h1:8iGFPglf0sDHcK6VLMdeTIa5TdvzB6vvb3adeUkwAL4=
github.com/bugoio/bugo-mod-buttons v0.0.0-20191009060239-4863f11224f4 h1:KDfomM5zRGa8TEhYUZpy2c5AOvXp4PN9D83gLrJHB54=
github.com/bugoio/bugo-mod-buttons v0.0.0-20191009060239-4863f11224f4/go.mod h1:Z0vjijIbpM0faTijntFeAJy4qdCAKSOc9i4WH1LdX8Q=
github.com/bugoio/bugo-mod-columns v0.0.0-20191009060323-20321171972d h1:aDj0cCex4oJGxK2HE5Dc9KFncSa8/XHv1qKEuzzsemU=
github.com/bugoio/bugo-mod-columns v0.0.0-20191009060323-20321171972d/go.mod h1:2/c1CYg6TNm26P2m/WLH48IqDjtFgXAEKiGj2OXdS4o=
github.com/bugoio/bugo-mod-forms v0.0.0-20191009060501-94c9b8fff7a2 h1:VN8dnzRWsvgWmrbY30/3L4E9rLaisqMZTBgRurdDZq4=
github.com/bugoio/bugo-mod-forms v0.0.0-20191009060501-94c9b8fff7a2/go.mod h1:P5p2/09fYP99V90Caa9gBxVxUquv0vSUvLv+V0H3CHc=
github.com/bugoio/bugo-mod-header v0.0.0-20191009060554-b75c3ed91c15 h1:LG571jpt/B/kHc8HOvEI6awdAbLzWQtCQsOfQDoLiLE=
github.com/bugoio/bugo-mod-header v0.0.0-20191009060554-b75c3ed91c15/go.mod h1:UgmEx18YhrngwjoHQ2mH/r72ucCGVIWNWyYyQHtds64=
github.com/bugoio/bugo-mod-hero v0.0.0-20191009060748-ebd62d12b5b5 h1:b4HAnNGjyxdBPKRFQk3LPqFN+nbF6FTs7v1qt9oMTQc=
github.com/bugoio/bugo-mod-hero v0.0.0-20191009060748-ebd62d12b5b5/go.mod h1:mFxettAV3Wxt2ySgK8+GTiC1xy6WTpxiruX5OHyunMg=
github.com/bugoio/bugo-mod-landing-page v0.0.0-20191009060825-117183cc5514 h1:szG+1Zmsw67HzHuUhinpEn0dyLkQxEo/MCTUC00I06c=
github.com/bugoio/bugo-mod-landing-page v0.0.0-20191009060825-117183cc5514/go.mod h1:iYm1xzrViy6S6sJYdsJ29Nivz2znklNankFBJyPNbYA=
github.com/bugoio/bugo-mod-navigation v0.0.0-20191009061020-e2bb3b2decef h1:AkzAeMTKf8G/WUgqDVCBto3wPEYKFovTXGEX0n1ymY0=
github.com/bugoio/bugo-mod-navigation v0.0.0-20191009061020-e2bb3b2decef/go.mod h1:MMnuxx5WEaMqDXQ1/gFbUcTdhsro9sAGuJl5rdJDMjU=
github.com/bugoio/bugo-mod-netlify-contact-form v0.0.0-20191009061304-11cf60063c40 h1:AYqOpgaJ7pwjJM0POc2F+G1aQklriY2XU+nC80iQKWg=
github.com/bugoio/bugo-mod-netlify-contact-form v0.0.0-20191009061304-11cf60063c40/go.mod h1:l+cHCSdZACrdMXWToWUkhKe5GqAPNBhUbFDpp6hV7xM=
github.com/bugoio/bugo-mod-search v0.0.0-20191009061410-3651299c454c h1:rC+gpjmD4WhaWVP726S8wcT+9Jn1n5cfRhf+mkyTnHI=
github.com/bugoio/bugo-mod-search v0.0.0-20191009061410-3651299c454c/go.mod h1:RQReRPVEDQ32H5mstrYqFzZg/j3WLIrWW5HsB3xdkE0=
github.com/bugoio/bugo-mod-share v0.0.0-20191009061528-f25e61163a93 h1:lNurLuYbniDEMac6SGnKBnS5XXCdODa6EEJ9JT2fpBA=
github.com/bugoio/bugo-mod-share v0.0.0-20191009061528-f25e61163a93/go.mod h1:++2pPeCgSn8KtwPNeH2iC0qB8geqjLawSLxQK9TQuwY=
github.com/bugoio/bugo-mod-widgets v0.0.0-20191009062004-dff8038b441a h1:osoJ+ym+3qxREc/HZpS1gPV0Jnfzkl3//LE75fw3Nu8=
github.com/bugoio/bugo-mod-widgets v0.0.0-20191009062004-dff8038b441a/go.mod h1:t58hANrUb0C3obUYzjYA532ie+zyfDZR/AUvtdMi9SM=
github.com/bugoio/bugo-sass-typography v0.0.0-20191009062231-04ecfc3f8321 h1:6tccFdgo/qSWFJX4Z9JzfoBN0P9hVlXHGAqThkBGP/c=
github.com/bugoio/bugo-sass-typography v0.0.0-20191009062231-04ecfc3f8321/go.mod h1:pw5T2sgWffYGCTxoLXWhIvG2eKOkYHyIMwFIuLM/b8U=
github.com/bugoio/bugo-sass-utilities v0.0.0-20191007162338-a4cfcf43d92f h1:5rMwOLLTJhsdzIpf3oRkgbG1+TosLNGzIXgeT3Pa7X8=
github.com/bugoio/bugo-sass-utilities v0.0.0-20191007162338-a4cfcf43d92f/go.mod h1:0tVnrsnCG61j64fUv88di5gpYw5/3fgqdQB4iUOjook=
github.com/bugoio/bugo-utility-partials v0.0.0-20191006182439-afd3341a34af h1:sEw1cgR/zQkJKvlTw7Yc4Y5fElXKcM0u8/1bq9gzv0o=
github.com/bugoio/bugo-utility-partials v0.0.0-20191006182439-afd3341a34af/go.mod h1:OccrlAsKckY0EA92p6xaHIcUyWD23IiFOSaQ1gecX5w=
